
Microsoft Visual Studio Solution File, Format Version 12.00
# Visual Studio Version 17
VisualStudioVersion = 17.13.35931.197 d17.13
MinimumVisualStudioVersion = 10.0.40219.1
Project("{8BC9CEB8-8B4A-11D0-8D11-00A0C91BC942}") = "MultiLoader", "MultiLoader\MultiLoader.vcxproj", "{BD2473F7-49D4-369E-9CED-3B4EDD49D659}"
EndProject
Global
	GlobalSection(SolutionConfigurationPlatforms) = preSolution
		Debug|x64 = Debug|x64
		Debug|x86 = Debug|x86
		Release|x64 = Release|x64
		Release|x86 = Release|x86
	EndGlobalSection
	GlobalSection(ProjectConfigurationPlatforms) = postSolution
		{BD2473F7-49D4-369E-9CED-3B4EDD49D659}.Debug|x64.ActiveCfg = Debug|x64
		{BD2473F7-49D4-369E-9CED-3B4EDD49D659}.Debug|x64.Build.0 = Debug|x64
		{BD2473F7-49D4-369E-9CED-3B4EDD49D659}.Debug|x86.ActiveCfg = Debug|Win32
		{BD2473F7-49D4-369E-9CED-3B4EDD49D659}.Debug|x86.Build.0 = Debug|Win32
		{BD2473F7-49D4-369E-9CED-3B4EDD49D659}.Release|x64.ActiveCfg = Release|x64
		{BD2473F7-49D4-369E-9CED-3B4EDD49D659}.Release|x64.Build.0 = Release|x64
		{BD2473F7-49D4-369E-9CED-3B4EDD49D659}.Release|x86.ActiveCfg = Release|Win32
		{BD2473F7-49D4-369E-9CED-3B4EDD49D659}.Release|x86.Build.0 = Release|Win32
	EndGlobalSection
	GlobalSection(SolutionProperties) = preSolution
		HideSolutionNode = FALSE
	EndGlobalSection
	GlobalSection(ExtensibilityGlobals) = postSolution
		SolutionGuid = {5850A0A9-A985-4726-B5B7-B8C03E4085A1}
	EndGlobalSection
EndGlobal
